
Microsoft Visual Studio Solution File, Format Version 12.00
# Visual Studio Version 17
VisualStudioVersion = 17.6.33829.357
MinimumVisualStudioVersion = 10.0.40219.1
Project("{FAE04EC0-301F-11D3-BF4B-00C04F79EFBC}") = "University.Puzzle.UI", "University.Puzzle.UI\University.Puzzle.UI.csproj", "{BA941665-B3EB-4B86-8351-B95C41E114F2}"
EndProject
Project("{FAE04EC0-301F-11D3-BF4B-00C04F79EFBC}") = "University.Puzzle.DbLibrary", "University.Puzzle.DbLibrary\University.Puzzle.DbLibrary.csproj", "{AA1151EE-D22E-4C34-9972-7C710A0219DE}"
EndProject
Project("{FAE04EC0-301F-11D3-BF4B-00C04F79EFBC}") = "University.Puzzle.ObjectsLibrary", "University.Puzzle.ObjectsLibrary\University.Puzzle.ObjectsLibrary.csproj", "{04877224-B05C-4639-8FB4-EB4CA21B668F}"
EndProject
Project("{FAE04EC0-301F-11D3-BF4B-00C04F79EFBC}") = "University.Puzzle.ValidationLibrary", "University.Puzzle.ValidationLibrary\University.Puzzle.ValidationLibrary.csproj", "{1CBFB48B-0DA7-4112-AA58-26E11085A022}"
EndProject
Project("{FAE04EC0-301F-11D3-BF4B-00C04F79EFBC}") = "University.Puzzle.Server", "University.Puzzle.Server\University.Puzzle.Server.csproj", "{4D4CE8CD-3377-4FA8-AEBF-BB1F39D62CDF}"
EndProject
Project("{FAE04EC0-301F-11D3-BF4B-00C04F79EFBC}") = "University.Puzzle.Client", "University.Puzzle.Client\University.Puzzle.Client.csproj", "{C2B25E19-E966-4DC7-A9E4-D3A6FBC54ED3}"
EndProject
Global
	GlobalSection(SolutionConfigurationPlatforms) = preSolution
		Debug|Any CPU = Debug|Any CPU
		Release|Any CPU = Release|Any CPU
	EndGlobalSection
	GlobalSection(ProjectConfigurationPlatforms) = postSolution
		{BA941665-B3EB-4B86-8351-B95C41E114F2}.Debug|Any CPU.ActiveCfg = Debug|Any CPU
		{BA941665-B3EB-4B86-8351-B95C41E114F2}.Debug|Any CPU.Build.0 = Debug|Any CPU
		{BA941665-B3EB-4B86-8351-B95C41E114F2}.Release|Any CPU.ActiveCfg = Release|Any CPU
		{BA941665-B3EB-4B86-8351-B95C41E114F2}.Release|Any CPU.Build.0 = Release|Any CPU
		{AA1151EE-D22E-4C34-9972-7C710A0219DE}.Debug|Any CPU.ActiveCfg = Debug|Any CPU
		{AA1151EE-D22E-4C34-9972-7C710A0219DE}.Debug|Any CPU.Build.0 = Debug|Any CPU
		{AA1151EE-D22E-4C34-9972-7C710A0219DE}.Release|Any CPU.ActiveCfg = Release|Any CPU
		{AA1151EE-D22E-4C34-9972-7C710A0219DE}.Release|Any CPU.Build.0 = Release|Any CPU
		{04877224-B05C-4639-8FB4-EB4CA21B668F}.Debug|Any CPU.ActiveCfg = Debug|Any CPU
		{04877224-B05C-4639-8FB4-EB4CA21B668F}.Debug|Any CPU.Build.0 = Debug|Any CPU
		{04877224-B05C-4639-8FB4-EB4CA21B668F}.Release|Any CPU.ActiveCfg = Release|Any CPU
		{04877224-B05C-4639-8FB4-EB4CA21B668F}.Release|Any CPU.Build.0 = Release|Any CPU
		{1CBFB48B-0DA7-4112-AA58-26E11085A022}.Debug|Any CPU.ActiveCfg = Debug|Any CPU
		{1CBFB48B-0DA7-4112-AA58-26E11085A022}.Debug|Any CPU.Build.0 = Debug|Any CPU
		{1CBFB48B-0DA7-4112-AA58-26E11085A022}.Release|Any CPU.ActiveCfg = Release|Any CPU
		{1CBFB48B-0DA7-4112-AA58-26E11085A022}.Release|Any CPU.Build.0 = Release|Any CPU
		{4D4CE8CD-3377-4FA8-AEBF-BB1F39D62CDF}.Debug|Any CPU.ActiveCfg = Debug|Any CPU
		{4D4CE8CD-3377-4FA8-AEBF-BB1F39D62CDF}.Debug|Any CPU.Build.0 = Debug|Any CPU
		{4D4CE8CD-3377-4FA8-AEBF-BB1F39D62CDF}.Release|Any CPU.ActiveCfg = Release|Any CPU
		{4D4CE8CD-3377-4FA8-AEBF-BB1F39D62CDF}.Release|Any CPU.Build.0 = Release|Any CPU
		{C2B25E19-E966-4DC7-A9E4-D3A6FBC54ED3}.Debug|Any CPU.ActiveCfg = Debug|Any CPU
		{C2B25E19-E966-4DC7-A9E4-D3A6FBC54ED3}.Debug|Any CPU.Build.0 = Debug|Any CPU
		{C2B25E19-E966-4DC7-A9E4-D3A6FBC54ED3}.Release|Any CPU.ActiveCfg = Release|Any CPU
		{C2B25E19-E966-4DC7-A9E4-D3A6FBC54ED3}.Release|Any CPU.Build.0 = Release|Any CPU
	EndGlobalSection
	GlobalSection(SolutionProperties) = preSolution
		HideSolutionNode = FALSE
	EndGlobalSection
	GlobalSection(ExtensibilityGlobals) = postSolution
		SolutionGuid = {FEFCC2E5-CF27-4E60-BA57-20D4ECCBA54D}
	EndGlobalSection
EndGlobal
